
Microsoft Visual Studio Solution File, Format Version 12.00
# Visual Studio Version 17
VisualStudioVersion = 17.5.33414.496
MinimumVisualStudioVersion = 10.0.40219.1
Project("{FAE04EC0-301F-11D3-BF4B-00C04F79EFBC}") = "TaskCentralFormsApp", "TaskCentralFormsApp\TaskCentralFormsApp.csproj", "{224ABF14-81DC-44F4-B95F-D056FFADDE06}"
EndProject
Project("{9A19103F-16F7-4668-BE54-9A1E7A4F7556}") = "TaskCentralClassLibrary", "..\TaskCentralClassLibrary\TaskCentralClassLibrary\TaskCentralClassLibrary.csproj", "{923F9F49-7076-40C0-8829-736FE2598CB6}"
EndProject
Global
	GlobalSection(SolutionConfigurationPlatforms) = preSolution
		Debug|Any CPU = Debug|Any CPU
		Release|Any CPU = Release|Any CPU
	EndGlobalSection
	GlobalSection(ProjectConfigurationPlatforms) = postSolution
		{224ABF14-81DC-44F4-B95F-D056FFADDE06}.Debug|Any CPU.ActiveCfg = Debug|Any CPU
		{224ABF14-81DC-44F4-B95F-D056FFADDE06}.Debug|Any CPU.Build.0 = Debug|Any CPU
		{224ABF14-81DC-44F4-B95F-D056FFADDE06}.Release|Any CPU.ActiveCfg = Release|Any CPU
		{224ABF14-81DC-44F4-B95F-D056FFADDE06}.Release|Any CPU.Build.0 = Release|Any CPU
		{923F9F49-7076-40C0-8829-736FE2598CB6}.Debug|Any CPU.ActiveCfg = Debug|Any CPU
		{923F9F49-7076-40C0-8829-736FE2598CB6}.Debug|Any CPU.Build.0 = Debug|Any CPU
		{923F9F49-7076-40C0-8829-736FE2598CB6}.Release|Any CPU.ActiveCfg = Release|Any CPU
		{923F9F49-7076-40C0-8829-736FE2598CB6}.Release|Any CPU.Build.0 = Release|Any CPU
	EndGlobalSection
	GlobalSection(SolutionProperties) = preSolution
		HideSolutionNode = FALSE
	EndGlobalSection
	GlobalSection(ExtensibilityGlobals) = postSolution
		SolutionGuid = {0EFCAF5C-639D-459F-97B1-2D6007E0CD90}
	EndGlobalSection
EndGlobal
